
Microsoft Visual Studio Solution File, Format Version 12.00
# Visual Studio 15
VisualStudioVersion = 15.0.28307.136
MinimumVisualStudioVersion = 10.0.40219.1
Project("{FAE04EC0-301F-11D3-BF4B-00C04F79EFBC}") = "WebAppCoreValidation", "WebAppCoreValidation\WebAppCoreValidation.csproj", "{048ECD9B-2CD6-48AF-AC0E-77AB81A0C955}"
EndProject
Global
	GlobalSection(SolutionConfigurationPlatforms) = preSolution
		Debug|Any CPU = Debug|Any CPU
		Release|Any CPU = Release|Any CPU
	EndGlobalSection
	GlobalSection(ProjectConfigurationPlatforms) = postSolution
		{048ECD9B-2CD6-48AF-AC0E-77AB81A0C955}.Debug|Any CPU.ActiveCfg = Debug|Any CPU
		{048ECD9B-2CD6-48AF-AC0E-77AB81A0C955}.Debug|Any CPU.Build.0 = Debug|Any CPU
		{048ECD9B-2CD6-48AF-AC0E-77AB81A0C955}.Release|Any CPU.ActiveCfg = Release|Any CPU
		{048ECD9B-2CD6-48AF-AC0E-77AB81A0C955}.Release|Any CPU.Build.0 = Release|Any CPU
	EndGlobalSection
	GlobalSection(SolutionProperties) = preSolution
		HideSolutionNode = FALSE
	EndGlobalSection
	GlobalSection(ExtensibilityGlobals) = postSolution
		SolutionGuid = {6DB864F6-6518-4DAC-B9D7-FEAEC5F72064}
	EndGlobalSection
EndGlobal
